// !$*UTF8*$!
{
	archiveVersion = 1;
	classes = {
	};
	objectVersion = 50;
	objects = {

/* Begin PBXBuildFile section */
		5B30E6CA224256A300C11CFB /* UIImage+Ext.swift in Sources */ = {isa = PBXBuildFile; fileRef = 5B30E6C9224256A300C11CFB /* UIImage+Ext.swift */; };
		5B5D7C5822424E0600362C4A /* StatisticsViewController+Table.swift in Sources */ = {isa = PBXBuildFile; fileRef = 5B5D7C5722424E0600362C4A /* StatisticsViewController+Table.swift */; };
		5BF60A732242273B009E6713 /* AppDelegate.swift in Sources */ = {isa = PBXBuildFile; fileRef = 5BF60A722242273B009E6713 /* AppDelegate.swift */; };
		5BF60A7A2242273B009E6713 /* Assets.xcassets in Resources */ = {isa = PBXBuildFile; fileRef = 5BF60A792242273B009E6713 /* Assets.xcassets */; };
		5BF60A7D2242273B009E6713 /* LaunchScreen.storyboard in Resources */ = {isa = PBXBuildFile; fileRef = 5BF60A7B2242273B009E6713 /* LaunchScreen.storyboard */; };
		5BF60A9722422773009E6713 /* UIColor+Hex.swift in Sources */ = {isa = PBXBuildFile; fileRef = 5BF60A8522422773009E6713 /* UIColor+Hex.swift */; };
		5BF60A9822422773009E6713 /* CAShapeAnimatableLayer.swift in Sources */ = {isa = PBXBuildFile; fileRef = 5BF60A8622422773009E6713 /* CAShapeAnimatableLayer.swift */; };
		5BF60A9922422773009E6713 /* ChartRepository.swift in Sources */ = {isa = PBXBuildFile; fileRef = 5BF60A8822422773009E6713 /* ChartRepository.swift */; };
		5BF60A9A22422773009E6713 /* LineChart.swift in Sources */ = {isa = PBXBuildFile; fileRef = 5BF60A8922422773009E6713 /* LineChart.swift */; };
		5BF60A9B22422773009E6713 /* chart_data.json in Resources */ = {isa = PBXBuildFile; fileRef = 5BF60A8A22422773009E6713 /* chart_data.json */; };
		5BF60A9C22422773009E6713 /* LineChartMapper.swift in Sources */ = {isa = PBXBuildFile; fileRef = 5BF60A8B22422773009E6713 /* LineChartMapper.swift */; };
		5BF60A9D22422773009E6713 /* ChartRepository+Json.swift in Sources */ = {isa = PBXBuildFile; fileRef = 5BF60A8C22422773009E6713 /* ChartRepository+Json.swift */; };
		5BF60A9E22422773009E6713 /* StatisticsViewController.swift in Sources */ = {isa = PBXBuildFile; fileRef = 5BF60A8E22422773009E6713 /* StatisticsViewController.swift */; };
		5BF60A9F22422773009E6713 /* XRangeControl.swift in Sources */ = {isa = PBXBuildFile; fileRef = 5BF60A9022422773009E6713 /* XRangeControl.swift */; };
		5BF60AA022422773009E6713 /* XRangeControl+Tracking.swift in Sources */ = {isa = PBXBuildFile; fileRef = 5BF60A9122422773009E6713 /* XRangeControl+Tracking.swift */; };
		5BF60AA122422773009E6713 /* XRangeControlWindow.swift in Sources */ = {isa = PBXBuildFile; fileRef = 5BF60A9222422773009E6713 /* XRangeControlWindow.swift */; };
		5BF60AA222422773009E6713 /* LineChart+CG.swift in Sources */ = {isa = PBXBuildFile; fileRef = 5BF60A9422422773009E6713 /* LineChart+CG.swift */; };
		5BF60AA322422773009E6713 /* LineChartView.swift in Sources */ = {isa = PBXBuildFile; fileRef = 5BF60A9522422773009E6713 /* LineChartView.swift */; };
		5BF60AA422422773009E6713 /* LineChartLine+CG.swift in Sources */ = {isa = PBXBuildFile; fileRef = 5BF60A9622422773009E6713 /* LineChartLine+CG.swift */; };
/* End PBXBuildFile section */

/* Begin PBXFileReference section */
		5B30E6C9224256A300C11CFB /* UIImage+Ext.swift */ = {isa = PBXFileReference; lastKnownFileType = sourcecode.swift; path = "UIImage+Ext.swift"; sourceTree = "<group>"; };
		5B5D7C5722424E0600362C4A /* StatisticsViewController+Table.swift */ = {isa = PBXFileReference; lastKnownFileType = sourcecode.swift; path = "StatisticsViewController+Table.swift"; sourceTree = "<group>"; };
		5BF60A6F2242273B009E6713 /* Demo_LineChart.app */ = {isa = PBXFileReference; explicitFileType = wrapper.application; includeInIndex = 0; path = Demo_LineChart.app; sourceTree = BUILT_PRODUCTS_DIR; };
		5BF60A722242273B009E6713 /* AppDelegate.swift */ = {isa = PBXFileReference; lastKnownFileType = sourcecode.swift; path = AppDelegate.swift; sourceTree = "<group>"; };
		5BF60A792242273B009E6713 /* Assets.xcassets */ = {isa = PBXFileReference; lastKnownFileType = folder.assetcatalog; path = Assets.xcassets; sourceTree = "<group>"; };
		5BF60A7C2242273B009E6713 /* Base */ = {isa = PBXFileReference; lastKnownFileType = file.storyboard; name = Base; path = Base.lproj/LaunchScreen.storyboard; sourceTree = "<group>"; };
		5BF60A7E2242273B009E6713 /* Info.plist */ = {isa = PBXFileReference; lastKnownFileType = text.plist.xml; path = Info.plist; sourceTree = "<group>"; };
		5BF60A8522422773009E6713 /* UIColor+Hex.swift */ = {isa = PBXFileReference; fileEncoding = 4; lastKnownFileType = sourcecode.swift; path = "UIColor+Hex.swift"; sourceTree = "<group>"; };
		5BF60A8622422773009E6713 /* CAShapeAnimatableLayer.swift */ = {isa = PBXFileReference; fileEncoding = 4; lastKnownFileType = sourcecode.swift; path = CAShapeAnimatableLayer.swift; sourceTree = "<group>"; };
		5BF60A8822422773009E6713 /* ChartRepository.swift */ = {isa = PBXFileReference; fileEncoding = 4; lastKnownFileType = sourcecode.swift; path = ChartRepository.swift; sourceTree = "<group>"; };
		5BF60A8922422773009E6713 /* LineChart.swift */ = {isa = PBXFileReference; fileEncoding = 4; lastKnownFileType = sourcecode.swift; path = LineChart.swift; sourceTree = "<group>"; };
		5BF60A8A22422773009E6713 /* chart_data.json */ = {isa = PBXFileReference; fileEncoding = 4; lastKnownFileType = text.json; path = chart_data.json; sourceTree = "<group>"; };
		5BF60A8B22422773009E6713 /* LineChartMapper.swift */ = {isa = PBXFileReference; fileEncoding = 4; lastKnownFileType = sourcecode.swift; path = LineChartMapper.swift; sourceTree = "<group>"; };
		5BF60A8C22422773009E6713 /* ChartRepository+Json.swift */ = {isa = PBXFileReference; fileEncoding = 4; lastKnownFileType = sourcecode.swift; path = "ChartRepository+Json.swift"; sourceTree = "<group>"; };
		5BF60A8E22422773009E6713 /* StatisticsViewController.swift */ = {isa = PBXFileReference; fileEncoding = 4; lastKnownFileType = sourcecode.swift; path = StatisticsViewController.swift; sourceTree = "<group>"; };
		5BF60A9022422773009E6713 /* XRangeControl.swift */ = {isa = PBXFileReference; fileEncoding = 4; lastKnownFileType = sourcecode.swift; path = XRangeControl.swift; sourceTree = "<group>"; };
		5BF60A9122422773009E6713 /* XRangeControl+Tracking.swift */ = {isa = PBXFileReference; fileEncoding = 4; lastKnownFileType = sourcecode.swift; path = "XRangeControl+Tracking.swift"; sourceTree = "<group>"; };
		5BF60A9222422773009E6713 /* XRangeControlWindow.swift */ = {isa = PBXFileReference; fileEncoding = 4; lastKnownFileType = sourcecode.swift; path = XRangeControlWindow.swift; sourceTree = "<group>"; };
		5BF60A9422422773009E6713 /* LineChart+CG.swift */ = {isa = PBXFileReference; fileEncoding = 4; lastKnownFileType = sourcecode.swift; path = "LineChart+CG.swift"; sourceTree = "<group>"; };
		5BF60A9522422773009E6713 /* LineChartView.swift */ = {isa = PBXFileReference; fileEncoding = 4; lastKnownFileType = sourcecode.swift; path = LineChartView.swift; sourceTree = "<group>"; };
		5BF60A9622422773009E6713 /* LineChartLine+CG.swift */ = {isa = PBXFileReference; fileEncoding = 4; lastKnownFileType = sourcecode.swift; path = "LineChartLine+CG.swift"; sourceTree = "<group>"; };
/* End PBXFileReference section */

/* Begin PBXFrameworksBuildPhase section */
		5BF60A6C2242273B009E6713 /* Frameworks */ = {
			isa = PBXFrameworksBuildPhase;
			buildActionMask = 2147483647;
			files = (
			);
			runOnlyForDeploymentPostprocessing = 0;
		};
/* End PBXFrameworksBuildPhase section */

/* Begin PBXGroup section */
		5BF60A662242273B009E6713 = {
			isa = PBXGroup;
			children = (
				5BF60A712242273B009E6713 /* Demo_LineChart */,
				5BF60A702242273B009E6713 /* Products */,
			);
			sourceTree = "<group>";
		};
		5BF60A702242273B009E6713 /* Products */ = {
			isa = PBXGroup;
			children = (
				5BF60A6F2242273B009E6713 /* Demo_LineChart.app */,
			);
			name = Products;
			sourceTree = "<group>";
		};
		5BF60A712242273B009E6713 /* Demo_LineChart */ = {
			isa = PBXGroup;
			children = (
				5BF60A722242273B009E6713 /* AppDelegate.swift */,
				5BF60A8722422773009E6713 /* data */,
				5BF60A8422422773009E6713 /* ext */,
				5BF60A8D22422773009E6713 /* ui */,
				5BF60A792242273B009E6713 /* Assets.xcassets */,
				5BF60A7B2242273B009E6713 /* LaunchScreen.storyboard */,
				5BF60A7E2242273B009E6713 /* Info.plist */,
			);
			path = Demo_LineChart;
			sourceTree = "<group>";
		};
		5BF60A8422422773009E6713 /* ext */ = {
			isa = PBXGroup;
			children = (
				5BF60A8522422773009E6713 /* UIColor+Hex.swift */,
				5B30E6C9224256A300C11CFB /* UIImage+Ext.swift */,
				5BF60A8622422773009E6713 /* CAShapeAnimatableLayer.swift */,
			);
			path = ext;
			sourceTree = "<group>";
		};
		5BF60A8722422773009E6713 /* data */ = {
			isa = PBXGroup;
			children = (
				5BF60A8822422773009E6713 /* ChartRepository.swift */,
				5BF60A8922422773009E6713 /* LineChart.swift */,
				5BF60A8A22422773009E6713 /* chart_data.json */,
				5BF60A8B22422773009E6713 /* LineChartMapper.swift */,
				5BF60A8C22422773009E6713 /* ChartRepository+Json.swift */,
			);
			path = data;
			sourceTree = "<group>";
		};
		5BF60A8D22422773009E6713 /* ui */ = {
			isa = PBXGroup;
			children = (
				5BF60A8E22422773009E6713 /* StatisticsViewController.swift */,
				5B5D7C5722424E0600362C4A /* StatisticsViewController+Table.swift */,
				5BF60A8F22422773009E6713 /* x range control */,
				5BF60A9322422773009E6713 /* chart view */,
			);
			path = ui;
			sourceTree = "<group>";
		};
		5BF60A8F22422773009E6713 /* x range control */ = {
			isa = PBXGroup;
			children = (
				5BF60A9022422773009E6713 /* XRangeControl.swift */,
				5BF60A9122422773009E6713 /* XRangeControl+Tracking.swift */,
				5BF60A9222422773009E6713 /* XRangeControlWindow.swift */,
			);
			path = "x range control";
			sourceTree = "<group>";
		};
		5BF60A9322422773009E6713 /* chart view */ = {
			isa = PBXGroup;
			children = (
				5BF60A9522422773009E6713 /* LineChartView.swift */,
				5BF60A9422422773009E6713 /* LineChart+CG.swift */,
				5BF60A9622422773009E6713 /* LineChartLine+CG.swift */,
			);
			path = "chart view";
			sourceTree = "<group>";
		};
/* End PBXGroup section */

/* Begin PBXNativeTarget section */
		5BF60A6E2242273B009E6713 /* Demo_LineChart */ = {
			isa = PBXNativeTarget;
			buildConfigurationList = 5BF60A812242273B009E6713 /* Build configuration list for PBXNativeTarget "Demo_LineChart" */;
			buildPhases = (
				5BF60A6B2242273B009E6713 /* Sources */,
				5BF60A6C2242273B009E6713 /* Frameworks */,
				5BF60A6D2242273B009E6713 /* Resources */,
			);
			buildRules = (
			);
			dependencies = (
			);
			name = Demo_LineChart;
			productName = Demo_LineChart;
			productReference = 5BF60A6F2242273B009E6713 /* Demo_LineChart.app */;
			productType = "com.apple.product-type.application";
		};
/* End PBXNativeTarget section */

/* Begin PBXProject section */
		5BF60A672242273B009E6713 /* Project object */ = {
			isa = PBXProject;
			attributes = {
				LastSwiftUpdateCheck = 1010;
				LastUpgradeCheck = 1010;
				ORGANIZATIONNAME = "Valeriy Bezuglyy";
				TargetAttributes = {
					5BF60A6E2242273B009E6713 = {
						CreatedOnToolsVersion = 10.1;
					};
				};
			};
			buildConfigurationList = 5BF60A6A2242273B009E6713 /* Build configuration list for PBXProject "Demo_LineChart" */;
			compatibilityVersion = "Xcode 9.3";
			developmentRegion = en;
			hasScannedForEncodings = 0;
			knownRegions = (
				en,
				Base,
			);
			mainGroup = 5BF60A662242273B009E6713;
			productRefGroup = 5BF60A702242273B009E6713 /* Products */;
			projectDirPath = "";
			projectRoot = "";
			targets = (
				5BF60A6E2242273B009E6713 /* Demo_LineChart */,
			);
		};
/* End PBXProject section */

/* Begin PBXResourcesBuildPhase section */
		5BF60A6D2242273B009E6713 /* Resources */ = {
			isa = PBXResourcesBuildPhase;
			buildActionMask = 2147483647;
			files = (
				5BF60A7D2242273B009E6713 /* LaunchScreen.storyboard in Resources */,
				5BF60A7A2242273B009E6713 /* Assets.xcassets in Resources */,
				5BF60A9B22422773009E6713 /* chart_data.json in Resources */,
			);
			runOnlyForDeploymentPostprocessing = 0;
		};
/* End PBXResourcesBuildPhase section */

/* Begin PBXSourcesBuildPhase section */
		5BF60A6B2242273B009E6713 /* Sources */ = {
			isa = PBXSourcesBuildPhase;
			buildActionMask = 2147483647;
			files = (
				5B5D7C5822424E0600362C4A /* StatisticsViewController+Table.swift in Sources */,
				5BF60AA222422773009E6713 /* LineChart+CG.swift in Sources */,
				5BF60A732242273B009E6713 /* AppDelegate.swift in Sources */,
				5BF60AA422422773009E6713 /* LineChartLine+CG.swift in Sources */,
				5BF60A9F22422773009E6713 /* XRangeControl.swift in Sources */,
				5BF60AA322422773009E6713 /* LineChartView.swift in Sources */,
				5BF60A9C22422773009E6713 /* LineChartMapper.swift in Sources */,
				5BF60A9722422773009E6713 /* UIColor+Hex.swift in Sources */,
				5BF60AA122422773009E6713 /* XRangeControlWindow.swift in Sources */,
				5B30E6CA224256A300C11CFB /* UIImage+Ext.swift in Sources */,
				5BF60A9E22422773009E6713 /* StatisticsViewController.swift in Sources */,
				5BF60A9D22422773009E6713 /* ChartRepository+Json.swift in Sources */,
				5BF60A9922422773009E6713 /* ChartRepository.swift in Sources */,
				5BF60AA022422773009E6713 /* XRangeControl+Tracking.swift in Sources */,
				5BF60A9822422773009E6713 /* CAShapeAnimatableLayer.swift in Sources */,
				5BF60A9A22422773009E6713 /* LineChart.swift in Sources */,
			);
			runOnlyForDeploymentPostprocessing = 0;
		};
/* End PBXSourcesBuildPhase section */

/* Begin PBXVariantGroup section */
		5BF60A7B2242273B009E6713 /* LaunchScreen.storyboard */ = {
			isa = PBXVariantGroup;
			children = (
				5BF60A7C2242273B009E6713 /* Base */,
			);
			name = LaunchScreen.storyboard;
			sourceTree = "<group>";
		};
/* End PBXVariantGroup section */

/* Begin XCBuildConfiguration section */
		5BF60A7F2242273B009E6713 /* Debug */ = {
			isa = XCBuildConfiguration;
			buildSettings = {
				ALWAYS_SEARCH_USER_PATHS = NO;
				CLANG_ANALYZER_NONNULL = YES;
				CLANG_ANALYZER_NUMBER_OBJECT_CONVERSION = YES_AGGRESSIVE;
				CLANG_CXX_LANGUAGE_STANDARD = "gnu++14";
				CLANG_CXX_LIBRARY = "libc++";
				CLANG_ENABLE_MODULES = YES;
				CLANG_ENABLE_OBJC_ARC = YES;
				CLANG_ENABLE_OBJC_WEAK = YES;
				CLANG_WARN_BLOCK_CAPTURE_AUTORELEASING = YES;
				CLANG_WARN_BOOL_CONVERSION = YES;
				CLANG_WARN_COMMA = YES;
				CLANG_WARN_CONSTANT_CONVERSION = YES;
				CLANG_WARN_DEPRECATED_OBJC_IMPLEMENTATIONS = YES;
				CLANG_WARN_DIRECT_OBJC_ISA_USAGE = YES_ERROR;
				CLANG_WARN_DOCUMENTATION_COMMENTS = YES;
				CLANG_WARN_EMPTY_BODY = YES;
				CLANG_WARN_ENUM_CONVERSION = YES;
				CLANG_WARN_INFINITE_RECURSION = YES;
				CLANG_WARN_INT_CONVERSION = YES;
				CLANG_WARN_NON_LITERAL_NULL_CONVERSION = YES;
				CLANG_WARN_OBJC_IMPLICIT_RETAIN_SELF = YES;
				CLANG_WARN_OBJC_LITERAL_CONVERSION = YES;
				CLANG_WARN_OBJC_ROOT_CLASS = YES_ERROR;
				CLANG_WARN_RANGE_LOOP_ANALYSIS = YES;
				CLANG_WARN_STRICT_PROTOTYPES = YES;
				CLANG_WARN_SUSPICIOUS_MOVE = YES;
				CLANG_WARN_UNGUARDED_AVAILABILITY = YES_AGGRESSIVE;
				CLANG_WARN_UNREACHABLE_CODE = YES;
				CLANG_WARN__DUPLICATE_METHOD_MATCH = YES;
				CODE_SIGN_IDENTITY = "iPhone Developer";
				COPY_PHASE_STRIP = NO;
				DEBUG_INFORMATION_FORMAT = dwarf;
				ENABLE_STRICT_OBJC_MSGSEND = YES;
				ENABLE_TESTABILITY = YES;
				GCC_C_LANGUAGE_STANDARD = gnu11;
				GCC_DYNAMIC_NO_PIC = NO;
				GCC_NO_COMMON_BLOCKS = YES;
				GCC_OPTIMIZATION_LEVEL = 0;
				GCC_PREPROCESSOR_DEFINITIONS = (
					"DEBUG=1",
					"$(inherited)",
				);
				GCC_WARN_64_TO_32_BIT_CONVERSION = YES;
				GCC_WARN_ABOUT_RETURN_TYPE = YES_ERROR;
				GCC_WARN_UNDECLARED_SELECTOR = YES;
				GCC_WARN_UNINITIALIZED_AUTOS = YES_AGGRESSIVE;
				GCC_WARN_UNUSED_FUNCTION = YES;
				GCC_WARN_UNUSED_VARIABLE = YES;
				IPHONEOS_DEPLOYMENT_TARGET = 12.1;
				MTL_ENABLE_DEBUG_INFO = INCLUDE_SOURCE;
				MTL_FAST_MATH = YES;
				ONLY_ACTIVE_ARCH = YES;
				SDKROOT = iphoneos;
				SWIFT_ACTIVE_COMPILATION_CONDITIONS = DEBUG;
				SWIFT_OPTIMIZATION_LEVEL = "-Onone";
			};
			name = Debug;
		};
		5BF60A802242273B009E6713 /* Release */ = {
			isa = XCBuildConfiguration;
			buildSettings = {
				ALWAYS_SEARCH_USER_PATHS = NO;
				CLANG_ANALYZER_NONNULL = YES;
				CLANG_ANALYZER_NUMBER_OBJECT_CONVERSION = YES_AGGRESSIVE;
				CLANG_CXX_LANGUAGE_STANDARD = "gnu++14";
				CLANG_CXX_LIBRARY = "libc++";
				CLANG_ENABLE_MODULES = YES;
				CLANG_ENABLE_OBJC_ARC = YES;
				CLANG_ENABLE_OBJC_WEAK = YES;
				CLANG_WARN_BLOCK_CAPTURE_AUTORELEASING = YES;
				CLANG_WARN_BOOL_CONVERSION = YES;
				CLANG_WARN_COMMA = YES;
				CLANG_WARN_CONSTANT_CONVERSION = YES;
				CLANG_WARN_DEPRECATED_OBJC_IMPLEMENTATIONS = YES;
				CLANG_WARN_DIRECT_OBJC_ISA_USAGE = YES_ERROR;
				CLANG_WARN_DOCUMENTATION_COMMENTS = YES;
				CLANG_WARN_EMPTY_BODY = YES;
				CLANG_WARN_ENUM_CONVERSION = YES;
				CLANG_WARN_INFINITE_RECURSION = YES;
				CLANG_WARN_INT_CONVERSION = YES;
				CLANG_WARN_NON_LITERAL_NULL_CONVERSION = YES;
				CLANG_WARN_OBJC_IMPLICIT_RETAIN_SELF = YES;
				CLANG_WARN_OBJC_LITERAL_CONVERSION = YES;
				CLANG_WARN_OBJC_ROOT_CLASS = YES_ERROR;
				CLANG_WARN_RANGE_LOOP_ANALYSIS = YES;
				CLANG_WARN_STRICT_PROTOTYPES = YES;
				CLANG_WARN_SUSPICIOUS_MOVE = YES;
				CLANG_WARN_UNGUARDED_AVAILABILITY = YES_AGGRESSIVE;
				CLANG_WARN_UNREACHABLE_CODE = YES;
				CLANG_WARN__DUPLICATE_METHOD_MATCH = YES;
				CODE_SIGN_IDENTITY = "iPhone Developer";
				COPY_PHASE_STRIP = NO;
				DEBUG_INFORMATION_FORMAT = "dwarf-with-dsym";
				ENABLE_NS_ASSERTIONS = NO;
				ENABLE_STRICT_OBJC_MSGSEND = YES;
				GCC_C_LANGUAGE_STANDARD = gnu11;
				GCC_NO_COMMON_BLOCKS = YES;
				GCC_WARN_64_TO_32_BIT_CONVERSION = YES;
				GCC_WARN_ABOUT_RETURN_TYPE = YES_ERROR;
				GCC_WARN_UNDECLARED_SELECTOR = YES;
				GCC_WARN_UNINITIALIZED_AUTOS = YES_AGGRESSIVE;
				GCC_WARN_UNUSED_FUNCTION = YES;
				GCC_WARN_UNUSED_VARIABLE = YES;
				IPHONEOS_DEPLOYMENT_TARGET = 12.1;
				MTL_ENABLE_DEBUG_INFO = NO;
				MTL_FAST_MATH = YES;
				SDKROOT = iphoneos;
				SWIFT_COMPILATION_MODE = wholemodule;
				SWIFT_OPTIMIZATION_LEVEL = "-O";
				VALIDATE_PRODUCT = YES;
			};
			name = Release;
		};
		5BF60A822242273B009E6713 /* Debug */ = {
			isa = XCBuildConfiguration;
			buildSettings = {
				ASSETCATALOG_COMPILER_APPICON_NAME = AppIcon;
				CODE_SIGN_STYLE = Automatic;
				INFOPLIST_FILE = Demo_LineChart/Info.plist;
				LD_RUNPATH_SEARCH_PATHS = (
					"$(inherited)",
					"@executable_path/Frameworks",
				);
				PRODUCT_BUNDLE_IDENTIFIER = "com.valeriybezuglyy.Demo-LineChart";
				PRODUCT_NAME = "$(TARGET_NAME)";
				SWIFT_VERSION = 4.2;
				TARGETED_DEVICE_FAMILY = "1,2";
			};
			name = Debug;
		};
		5BF60A832242273B009E6713 /* Release */ = {
			isa = XCBuildConfiguration;
			buildSettings = {
				ASSETCATALOG_COMPILER_APPICON_NAME = AppIcon;
				CODE_SIGN_STYLE = Automatic;
				INFOPLIST_FILE = Demo_LineChart/Info.plist;
				LD_RUNPATH_SEARCH_PATHS = (
					"$(inherited)",
					"@executable_path/Frameworks",
				);
				PRODUCT_BUNDLE_IDENTIFIER = "com.valeriybezuglyy.Demo-LineChart";
				PRODUCT_NAME = "$(TARGET_NAME)";
				SWIFT_VERSION = 4.2;
				TARGETED_DEVICE_FAMILY = "1,2";
			};
			name = Release;
		};
/* End XCBuildConfiguration section */

/* Begin XCConfigurationList section */
		5BF60A6A2242273B009E6713 /* Build configuration list for PBXProject "Demo_LineChart" */ = {
			isa = XCConfigurationList;
			buildConfigurations = (
				5BF60A7F2242273B009E6713 /* Debug */,
				5BF60A802242273B009E6713 /* Release */,
			);
			defaultConfigurationIsVisible = 0;
			defaultConfigurationName = Release;
		};
		5BF60A812242273B009E6713 /* Build configuration list for PBXNativeTarget "Demo_LineChart" */ = {
			isa = XCConfigurationList;
			buildConfigurations = (
				5BF60A822242273B009E6713 /* Debug */,
				5BF60A832242273B009E6713 /* Release */,
			);
			defaultConfigurationIsVisible = 0;
			defaultConfigurationName = Release;
		};
/* End XCConfigurationList section */
	};
	rootObject = 5BF60A672242273B009E6713 /* Project object */;
}
