// !$*UTF8*$!
{
	archiveVersion = 1;
	classes = {
	};
	objectVersion = 50;
	objects = {

/* Begin PBXBuildFile section */
		5B4D7935223E81DE007F733C /* chart_data.json in Resources */ = {isa = PBXBuildFile; fileRef = 5B4D7931223E81DE007F733C /* chart_data.json */; };
		5B4D7937223E81DE007F733C /* ChartLine.swift in Sources */ = {isa = PBXBuildFile; fileRef = 5B4D7933223E81DE007F733C /* ChartLine.swift */; };
		5B4D7938223E81DE007F733C /* Chart.swift in Sources */ = {isa = PBXBuildFile; fileRef = 5B4D7934223E81DE007F733C /* Chart.swift */; };
		5B4D793B223E8245007F733C /* ChartRepository.swift in Sources */ = {isa = PBXBuildFile; fileRef = 5B4D7939223E8245007F733C /* ChartRepository.swift */; };
		5B4D793C223E8245007F733C /* ChartRepository+Json.swift in Sources */ = {isa = PBXBuildFile; fileRef = 5B4D793A223E8245007F733C /* ChartRepository+Json.swift */; };
		5B4D793E223E83EA007F733C /* ChartMapper.swift in Sources */ = {isa = PBXBuildFile; fileRef = 5B4D793D223E83EA007F733C /* ChartMapper.swift */; };
		5BBD11C8223E3714002CC6DE /* AppDelegate.swift in Sources */ = {isa = PBXBuildFile; fileRef = 5BBD11C7223E3714002CC6DE /* AppDelegate.swift */; };
		5BBD11CA223E3714002CC6DE /* ViewController.swift in Sources */ = {isa = PBXBuildFile; fileRef = 5BBD11C9223E3714002CC6DE /* ViewController.swift */; };
		5BBD11CD223E3714002CC6DE /* Main.storyboard in Resources */ = {isa = PBXBuildFile; fileRef = 5BBD11CB223E3714002CC6DE /* Main.storyboard */; };
		5BBD11CF223E3716002CC6DE /* Assets.xcassets in Resources */ = {isa = PBXBuildFile; fileRef = 5BBD11CE223E3716002CC6DE /* Assets.xcassets */; };
		5BBD11D2223E3716002CC6DE /* LaunchScreen.storyboard in Resources */ = {isa = PBXBuildFile; fileRef = 5BBD11D0223E3716002CC6DE /* LaunchScreen.storyboard */; };
/* End PBXBuildFile section */

/* Begin PBXFileReference section */
		5B4D7931223E81DE007F733C /* chart_data.json */ = {isa = PBXFileReference; fileEncoding = 4; lastKnownFileType = text.json; path = chart_data.json; sourceTree = "<group>"; };
		5B4D7933223E81DE007F733C /* ChartLine.swift */ = {isa = PBXFileReference; fileEncoding = 4; lastKnownFileType = sourcecode.swift; path = ChartLine.swift; sourceTree = "<group>"; };
		5B4D7934223E81DE007F733C /* Chart.swift */ = {isa = PBXFileReference; fileEncoding = 4; lastKnownFileType = sourcecode.swift; path = Chart.swift; sourceTree = "<group>"; };
		5B4D7939223E8245007F733C /* ChartRepository.swift */ = {isa = PBXFileReference; fileEncoding = 4; lastKnownFileType = sourcecode.swift; path = ChartRepository.swift; sourceTree = "<group>"; };
		5B4D793A223E8245007F733C /* ChartRepository+Json.swift */ = {isa = PBXFileReference; fileEncoding = 4; lastKnownFileType = sourcecode.swift; path = "ChartRepository+Json.swift"; sourceTree = "<group>"; };
		5B4D793D223E83EA007F733C /* ChartMapper.swift */ = {isa = PBXFileReference; lastKnownFileType = sourcecode.swift; path = ChartMapper.swift; sourceTree = "<group>"; };
		5BBD11C4223E3714002CC6DE /* Demo-PlotView.app */ = {isa = PBXFileReference; explicitFileType = wrapper.application; includeInIndex = 0; path = "Demo-PlotView.app"; sourceTree = BUILT_PRODUCTS_DIR; };
		5BBD11C7223E3714002CC6DE /* AppDelegate.swift */ = {isa = PBXFileReference; lastKnownFileType = sourcecode.swift; path = AppDelegate.swift; sourceTree = "<group>"; };
		5BBD11C9223E3714002CC6DE /* ViewController.swift */ = {isa = PBXFileReference; lastKnownFileType = sourcecode.swift; path = ViewController.swift; sourceTree = "<group>"; };
		5BBD11CC223E3714002CC6DE /* Base */ = {isa = PBXFileReference; lastKnownFileType = file.storyboard; name = Base; path = Base.lproj/Main.storyboard; sourceTree = "<group>"; };
		5BBD11CE223E3716002CC6DE /* Assets.xcassets */ = {isa = PBXFileReference; lastKnownFileType = folder.assetcatalog; path = Assets.xcassets; sourceTree = "<group>"; };
		5BBD11D1223E3716002CC6DE /* Base */ = {isa = PBXFileReference; lastKnownFileType = file.storyboard; name = Base; path = Base.lproj/LaunchScreen.storyboard; sourceTree = "<group>"; };
		5BBD11D3223E3716002CC6DE /* Info.plist */ = {isa = PBXFileReference; lastKnownFileType = text.plist.xml; path = Info.plist; sourceTree = "<group>"; };
/* End PBXFileReference section */

/* Begin PBXFrameworksBuildPhase section */
		5BBD11C1223E3714002CC6DE /* Frameworks */ = {
			isa = PBXFrameworksBuildPhase;
			buildActionMask = 2147483647;
			files = (
			);
			runOnlyForDeploymentPostprocessing = 0;
		};
/* End PBXFrameworksBuildPhase section */

/* Begin PBXGroup section */
		5B4D7930223E81DE007F733C /* data */ = {
			isa = PBXGroup;
			children = (
				5B4D7931223E81DE007F733C /* chart_data.json */,
				5B4D793A223E8245007F733C /* ChartRepository+Json.swift */,
				5B4D7939223E8245007F733C /* ChartRepository.swift */,
				5B4D793D223E83EA007F733C /* ChartMapper.swift */,
				5B4D7934223E81DE007F733C /* Chart.swift */,
				5B4D7933223E81DE007F733C /* ChartLine.swift */,
			);
			path = data;
			sourceTree = "<group>";
		};
		5BBD11BB223E3714002CC6DE = {
			isa = PBXGroup;
			children = (
				5BBD11C6223E3714002CC6DE /* Demo-PlotView */,
				5BBD11C5223E3714002CC6DE /* Products */,
			);
			sourceTree = "<group>";
		};
		5BBD11C5223E3714002CC6DE /* Products */ = {
			isa = PBXGroup;
			children = (
				5BBD11C4223E3714002CC6DE /* Demo-PlotView.app */,
			);
			name = Products;
			sourceTree = "<group>";
		};
		5BBD11C6223E3714002CC6DE /* Demo-PlotView */ = {
			isa = PBXGroup;
			children = (
				5BBD11C7223E3714002CC6DE /* AppDelegate.swift */,
				5BBD11C9223E3714002CC6DE /* ViewController.swift */,
				5B4D7930223E81DE007F733C /* data */,
				5BBD11CB223E3714002CC6DE /* Main.storyboard */,
				5BBD11CE223E3716002CC6DE /* Assets.xcassets */,
				5BBD11D0223E3716002CC6DE /* LaunchScreen.storyboard */,
				5BBD11D3223E3716002CC6DE /* Info.plist */,
			);
			path = "Demo-PlotView";
			sourceTree = "<group>";
		};
/* End PBXGroup section */

/* Begin PBXNativeTarget section */
		5BBD11C3223E3714002CC6DE /* Demo-PlotView */ = {
			isa = PBXNativeTarget;
			buildConfigurationList = 5BBD11D6223E3716002CC6DE /* Build configuration list for PBXNativeTarget "Demo-PlotView" */;
			buildPhases = (
				5BBD11C0223E3714002CC6DE /* Sources */,
				5BBD11C1223E3714002CC6DE /* Frameworks */,
				5BBD11C2223E3714002CC6DE /* Resources */,
			);
			buildRules = (
			);
			dependencies = (
			);
			name = "Demo-PlotView";
			productName = "Demo-PlotView";
			productReference = 5BBD11C4223E3714002CC6DE /* Demo-PlotView.app */;
			productType = "com.apple.product-type.application";
		};
/* End PBXNativeTarget section */

/* Begin PBXProject section */
		5BBD11BC223E3714002CC6DE /* Project object */ = {
			isa = PBXProject;
			attributes = {
				LastSwiftUpdateCheck = 1010;
				LastUpgradeCheck = 1010;
				ORGANIZATIONNAME = "Valeriy Bezuglyy";
				TargetAttributes = {
					5BBD11C3223E3714002CC6DE = {
						CreatedOnToolsVersion = 10.1;
					};
				};
			};
			buildConfigurationList = 5BBD11BF223E3714002CC6DE /* Build configuration list for PBXProject "Demo-PlotView" */;
			compatibilityVersion = "Xcode 9.3";
			developmentRegion = en;
			hasScannedForEncodings = 0;
			knownRegions = (
				en,
				Base,
			);
			mainGroup = 5BBD11BB223E3714002CC6DE;
			productRefGroup = 5BBD11C5223E3714002CC6DE /* Products */;
			projectDirPath = "";
			projectRoot = "";
			targets = (
				5BBD11C3223E3714002CC6DE /* Demo-PlotView */,
			);
		};
/* End PBXProject section */

/* Begin PBXResourcesBuildPhase section */
		5BBD11C2223E3714002CC6DE /* Resources */ = {
			isa = PBXResourcesBuildPhase;
			buildActionMask = 2147483647;
			files = (
				5BBD11D2223E3716002CC6DE /* LaunchScreen.storyboard in Resources */,
				5BBD11CF223E3716002CC6DE /* Assets.xcassets in Resources */,
				5B4D7935223E81DE007F733C /* chart_data.json in Resources */,
				5BBD11CD223E3714002CC6DE /* Main.storyboard in Resources */,
			);
			runOnlyForDeploymentPostprocessing = 0;
		};
/* End PBXResourcesBuildPhase section */

/* Begin PBXSourcesBuildPhase section */
		5BBD11C0223E3714002CC6DE /* Sources */ = {
			isa = PBXSourcesBuildPhase;
			buildActionMask = 2147483647;
			files = (
				5B4D7938223E81DE007F733C /* Chart.swift in Sources */,
				5B4D7937223E81DE007F733C /* ChartLine.swift in Sources */,
				5B4D793E223E83EA007F733C /* ChartMapper.swift in Sources */,
				5B4D793C223E8245007F733C /* ChartRepository+Json.swift in Sources */,
				5BBD11CA223E3714002CC6DE /* ViewController.swift in Sources */,
				5B4D793B223E8245007F733C /* ChartRepository.swift in Sources */,
				5BBD11C8223E3714002CC6DE /* AppDelegate.swift in Sources */,
			);
			runOnlyForDeploymentPostprocessing = 0;
		};
/* End PBXSourcesBuildPhase section */

/* Begin PBXVariantGroup section */
		5BBD11CB223E3714002CC6DE /* Main.storyboard */ = {
			isa = PBXVariantGroup;
			children = (
				5BBD11CC223E3714002CC6DE /* Base */,
			);
			name = Main.storyboard;
			sourceTree = "<group>";
		};
		5BBD11D0223E3716002CC6DE /* LaunchScreen.storyboard */ = {
			isa = PBXVariantGroup;
			children = (
				5BBD11D1223E3716002CC6DE /* Base */,
			);
			name = LaunchScreen.storyboard;
			sourceTree = "<group>";
		};
/* End PBXVariantGroup section */

/* Begin XCBuildConfiguration section */
		5BBD11D4223E3716002CC6DE /* Debug */ = {
			isa = XCBuildConfiguration;
			buildSettings = {
				ALWAYS_SEARCH_USER_PATHS = NO;
				CLANG_ANALYZER_NONNULL = YES;
				CLANG_ANALYZER_NUMBER_OBJECT_CONVERSION = YES_AGGRESSIVE;
				CLANG_CXX_LANGUAGE_STANDARD = "gnu++14";
				CLANG_CXX_LIBRARY = "libc++";
				CLANG_ENABLE_MODULES = YES;
				CLANG_ENABLE_OBJC_ARC = YES;
				CLANG_ENABLE_OBJC_WEAK = YES;
				CLANG_WARN_BLOCK_CAPTURE_AUTORELEASING = YES;
				CLANG_WARN_BOOL_CONVERSION = YES;
				CLANG_WARN_COMMA = YES;
				CLANG_WARN_CONSTANT_CONVERSION = YES;
				CLANG_WARN_DEPRECATED_OBJC_IMPLEMENTATIONS = YES;
				CLANG_WARN_DIRECT_OBJC_ISA_USAGE = YES_ERROR;
				CLANG_WARN_DOCUMENTATION_COMMENTS = YES;
				CLANG_WARN_EMPTY_BODY = YES;
				CLANG_WARN_ENUM_CONVERSION = YES;
				CLANG_WARN_INFINITE_RECURSION = YES;
				CLANG_WARN_INT_CONVERSION = YES;
				CLANG_WARN_NON_LITERAL_NULL_CONVERSION = YES;
				CLANG_WARN_OBJC_IMPLICIT_RETAIN_SELF = YES;
				CLANG_WARN_OBJC_LITERAL_CONVERSION = YES;
				CLANG_WARN_OBJC_ROOT_CLASS = YES_ERROR;
				CLANG_WARN_RANGE_LOOP_ANALYSIS = YES;
				CLANG_WARN_STRICT_PROTOTYPES = YES;
				CLANG_WARN_SUSPICIOUS_MOVE = YES;
				CLANG_WARN_UNGUARDED_AVAILABILITY = YES_AGGRESSIVE;
				CLANG_WARN_UNREACHABLE_CODE = YES;
				CLANG_WARN__DUPLICATE_METHOD_MATCH = YES;
				CODE_SIGN_IDENTITY = "iPhone Developer";
				COPY_PHASE_STRIP = NO;
				DEBUG_INFORMATION_FORMAT = dwarf;
				ENABLE_STRICT_OBJC_MSGSEND = YES;
				ENABLE_TESTABILITY = YES;
				GCC_C_LANGUAGE_STANDARD = gnu11;
				GCC_DYNAMIC_NO_PIC = NO;
				GCC_NO_COMMON_BLOCKS = YES;
				GCC_OPTIMIZATION_LEVEL = 0;
				GCC_PREPROCESSOR_DEFINITIONS = (
					"DEBUG=1",
					"$(inherited)",
				);
				GCC_WARN_64_TO_32_BIT_CONVERSION = YES;
				GCC_WARN_ABOUT_RETURN_TYPE = YES_ERROR;
				GCC_WARN_UNDECLARED_SELECTOR = YES;
				GCC_WARN_UNINITIALIZED_AUTOS = YES_AGGRESSIVE;
				GCC_WARN_UNUSED_FUNCTION = YES;
				GCC_WARN_UNUSED_VARIABLE = YES;
				IPHONEOS_DEPLOYMENT_TARGET = 12.1;
				MTL_ENABLE_DEBUG_INFO = INCLUDE_SOURCE;
				MTL_FAST_MATH = YES;
				ONLY_ACTIVE_ARCH = YES;
				SDKROOT = iphoneos;
				SWIFT_ACTIVE_COMPILATION_CONDITIONS = DEBUG;
				SWIFT_OPTIMIZATION_LEVEL = "-Onone";
			};
			name = Debug;
		};
		5BBD11D5223E3716002CC6DE /* Release */ = {
			isa = XCBuildConfiguration;
			buildSettings = {
				ALWAYS_SEARCH_USER_PATHS = NO;
				CLANG_ANALYZER_NONNULL = YES;
				CLANG_ANALYZER_NUMBER_OBJECT_CONVERSION = YES_AGGRESSIVE;
				CLANG_CXX_LANGUAGE_STANDARD = "gnu++14";
				CLANG_CXX_LIBRARY = "libc++";
				CLANG_ENABLE_MODULES = YES;
				CLANG_ENABLE_OBJC_ARC = YES;
				CLANG_ENABLE_OBJC_WEAK = YES;
				CLANG_WARN_BLOCK_CAPTURE_AUTORELEASING = YES;
				CLANG_WARN_BOOL_CONVERSION = YES;
				CLANG_WARN_COMMA = YES;
				CLANG_WARN_CONSTANT_CONVERSION = YES;
				CLANG_WARN_DEPRECATED_OBJC_IMPLEMENTATIONS = YES;
				CLANG_WARN_DIRECT_OBJC_ISA_USAGE = YES_ERROR;
				CLANG_WARN_DOCUMENTATION_COMMENTS = YES;
				CLANG_WARN_EMPTY_BODY = YES;
				CLANG_WARN_ENUM_CONVERSION = YES;
				CLANG_WARN_INFINITE_RECURSION = YES;
				CLANG_WARN_INT_CONVERSION = YES;
				CLANG_WARN_NON_LITERAL_NULL_CONVERSION = YES;
				CLANG_WARN_OBJC_IMPLICIT_RETAIN_SELF = YES;
				CLANG_WARN_OBJC_LITERAL_CONVERSION = YES;
				CLANG_WARN_OBJC_ROOT_CLASS = YES_ERROR;
				CLANG_WARN_RANGE_LOOP_ANALYSIS = YES;
				CLANG_WARN_STRICT_PROTOTYPES = YES;
				CLANG_WARN_SUSPICIOUS_MOVE = YES;
				CLANG_WARN_UNGUARDED_AVAILABILITY = YES_AGGRESSIVE;
				CLANG_WARN_UNREACHABLE_CODE = YES;
				CLANG_WARN__DUPLICATE_METHOD_MATCH = YES;
				CODE_SIGN_IDENTITY = "iPhone Developer";
				COPY_PHASE_STRIP = NO;
				DEBUG_INFORMATION_FORMAT = "dwarf-with-dsym";
				ENABLE_NS_ASSERTIONS = NO;
				ENABLE_STRICT_OBJC_MSGSEND = YES;
				GCC_C_LANGUAGE_STANDARD = gnu11;
				GCC_NO_COMMON_BLOCKS = YES;
				GCC_WARN_64_TO_32_BIT_CONVERSION = YES;
				GCC_WARN_ABOUT_RETURN_TYPE = YES_ERROR;
				GCC_WARN_UNDECLARED_SELECTOR = YES;
				GCC_WARN_UNINITIALIZED_AUTOS = YES_AGGRESSIVE;
				GCC_WARN_UNUSED_FUNCTION = YES;
				GCC_WARN_UNUSED_VARIABLE = YES;
				IPHONEOS_DEPLOYMENT_TARGET = 12.1;
				MTL_ENABLE_DEBUG_INFO = NO;
				MTL_FAST_MATH = YES;
				SDKROOT = iphoneos;
				SWIFT_COMPILATION_MODE = wholemodule;
				SWIFT_OPTIMIZATION_LEVEL = "-O";
				VALIDATE_PRODUCT = YES;
			};
			name = Release;
		};
		5BBD11D7223E3716002CC6DE /* Debug */ = {
			isa = XCBuildConfiguration;
			buildSettings = {
				ASSETCATALOG_COMPILER_APPICON_NAME = AppIcon;
				CODE_SIGN_STYLE = Automatic;
				INFOPLIST_FILE = "Demo-PlotView/Info.plist";
				LD_RUNPATH_SEARCH_PATHS = (
					"$(inherited)",
					"@executable_path/Frameworks",
				);
				PRODUCT_BUNDLE_IDENTIFIER = "com.valeriybezuglyy.demo.plotview.Demo-PlotView";
				PRODUCT_NAME = "$(TARGET_NAME)";
				SWIFT_VERSION = 4.2;
				TARGETED_DEVICE_FAMILY = "1,2";
			};
			name = Debug;
		};
		5BBD11D8223E3716002CC6DE /* Release */ = {
			isa = XCBuildConfiguration;
			buildSettings = {
				ASSETCATALOG_COMPILER_APPICON_NAME = AppIcon;
				CODE_SIGN_STYLE = Automatic;
				INFOPLIST_FILE = "Demo-PlotView/Info.plist";
				LD_RUNPATH_SEARCH_PATHS = (
					"$(inherited)",
					"@executable_path/Frameworks",
				);
				PRODUCT_BUNDLE_IDENTIFIER = "com.valeriybezuglyy.demo.plotview.Demo-PlotView";
				PRODUCT_NAME = "$(TARGET_NAME)";
				SWIFT_VERSION = 4.2;
				TARGETED_DEVICE_FAMILY = "1,2";
			};
			name = Release;
		};
/* End XCBuildConfiguration section */

/* Begin XCConfigurationList section */
		5BBD11BF223E3714002CC6DE /* Build configuration list for PBXProject "Demo-PlotView" */ = {
			isa = XCConfigurationList;
			buildConfigurations = (
				5BBD11D4223E3716002CC6DE /* Debug */,
				5BBD11D5223E3716002CC6DE /* Release */,
			);
			defaultConfigurationIsVisible = 0;
			defaultConfigurationName = Release;
		};
		5BBD11D6223E3716002CC6DE /* Build configuration list for PBXNativeTarget "Demo-PlotView" */ = {
			isa = XCConfigurationList;
			buildConfigurations = (
				5BBD11D7223E3716002CC6DE /* Debug */,
				5BBD11D8223E3716002CC6DE /* Release */,
			);
			defaultConfigurationIsVisible = 0;
			defaultConfigurationName = Release;
		};
/* End XCConfigurationList section */
	};
	rootObject = 5BBD11BC223E3714002CC6DE /* Project object */;
}
